// !$*UTF8*$!
{
	archiveVersion = 1;
	classes = {
	};
	objectVersion = 50;
	objects = {

/* Begin PBXBuildFile section */
		5D3ECA1BA0257E70087F02DD /* Pods_TwitusUITests.framework in Frameworks */ = {isa = PBXBuildFile; fileRef = CE749A2099A9C092F45A0B13 /* Pods_TwitusUITests.framework */; };
		751100F5225A741B008E8AB2 /* HomeController.swift in Sources */ = {isa = PBXBuildFile; fileRef = 751100F4225A741B008E8AB2 /* HomeController.swift */; };
		7519204D2263DA06002965E9 /* profile_image.jpg in Resources */ = {isa = PBXBuildFile; fileRef = 7519204A2263D978002965E9 /* profile_image.jpg */; };
		7537662A225D92FC000FF34B /* HomeDatasourceController.swift in Sources */ = {isa = PBXBuildFile; fileRef = 75376629225D92FC000FF34B /* HomeDatasourceController.swift */; };
		75CD16B3226A977000797344 /* User.swift in Sources */ = {isa = PBXBuildFile; fileRef = 75CD16B2226A977000797344 /* User.swift */; };
		75D53F82225A69EA0055421F /* AppDelegate.swift in Sources */ = {isa = PBXBuildFile; fileRef = 75D53F81225A69EA0055421F /* AppDelegate.swift */; };
		75D53F89225A69EC0055421F /* Assets.xcassets in Resources */ = {isa = PBXBuildFile; fileRef = 75D53F88225A69EC0055421F /* Assets.xcassets */; };
		75D53F8C225A69EC0055421F /* LaunchScreen.storyboard in Resources */ = {isa = PBXBuildFile; fileRef = 75D53F8A225A69EC0055421F /* LaunchScreen.storyboard */; };
		75D53F97225A69EC0055421F /* TwitusTests.swift in Sources */ = {isa = PBXBuildFile; fileRef = 75D53F96225A69EC0055421F /* TwitusTests.swift */; };
		75D53FA2225A69EC0055421F /* TwitusUITests.swift in Sources */ = {isa = PBXBuildFile; fileRef = 75D53FA1225A69EC0055421F /* TwitusUITests.swift */; };
		75DF063D226187D3000918F4 /* Cell.swift in Sources */ = {isa = PBXBuildFile; fileRef = 75DF063C226187D3000918F4 /* Cell.swift */; };
		75DF063F22618883000918F4 /* HomeDatasource.swift in Sources */ = {isa = PBXBuildFile; fileRef = 75DF063E22618883000918F4 /* HomeDatasource.swift */; };
		B8E11640879AF4BAB6121C5F /* Pods_TwitusTests.framework in Frameworks */ = {isa = PBXBuildFile; fileRef = A204CA40DC7131A3E9B3226D /* Pods_TwitusTests.framework */; };
/* End PBXBuildFile section */

/* Begin PBXContainerItemProxy section */
		75D53F93225A69EC0055421F /* PBXContainerItemProxy */ = {
			isa = PBXContainerItemProxy;
			containerPortal = 75D53F76225A69EA0055421F /* Project object */;
			proxyType = 1;
			remoteGlobalIDString = 75D53F7D225A69EA0055421F;
			remoteInfo = Twitus;
		};
		75D53F9E225A69EC0055421F /* PBXContainerItemProxy */ = {
			isa = PBXContainerItemProxy;
			containerPortal = 75D53F76225A69EA0055421F /* Project object */;
			proxyType = 1;
			remoteGlobalIDString = 75D53F7D225A69EA0055421F;
			remoteInfo = Twitus;
		};
/* End PBXContainerItemProxy section */

/* Begin PBXFileReference section */
		38354AD04BA060E5C16A43CA /* Pods_Twitus.framework */ = {isa = PBXFileReference; explicitFileType = wrapper.framework; includeInIndex = 0; path = Pods_Twitus.framework; sourceTree = BUILT_PRODUCTS_DIR; };
		3FC3EF3D41515DB9ADA9F346 /* Pods-TwitusTests.debug.xcconfig */ = {isa = PBXFileReference; includeInIndex = 1; lastKnownFileType = text.xcconfig; name = "Pods-TwitusTests.debug.xcconfig"; path = "Target Support Files/Pods-TwitusTests/Pods-TwitusTests.debug.xcconfig"; sourceTree = "<group>"; };
		60CDCC6A01898E824D034E57 /* Pods-TwitusTests.release.xcconfig */ = {isa = PBXFileReference; includeInIndex = 1; lastKnownFileType = text.xcconfig; name = "Pods-TwitusTests.release.xcconfig"; path = "Target Support Files/Pods-TwitusTests/Pods-TwitusTests.release.xcconfig"; sourceTree = "<group>"; };
		70DED920D8A01BD0D74E1177 /* Pods-TwitusUITests.debug.xcconfig */ = {isa = PBXFileReference; includeInIndex = 1; lastKnownFileType = text.xcconfig; name = "Pods-TwitusUITests.debug.xcconfig"; path = "Target Support Files/Pods-TwitusUITests/Pods-TwitusUITests.debug.xcconfig"; sourceTree = "<group>"; };
		751100F4225A741B008E8AB2 /* HomeController.swift */ = {isa = PBXFileReference; lastKnownFileType = sourcecode.swift; path = HomeController.swift; sourceTree = "<group>"; };
		7519204A2263D978002965E9 /* profile_image.jpg */ = {isa = PBXFileReference; lastKnownFileType = image.jpeg; path = profile_image.jpg; sourceTree = "<group>"; };
		751D253522640849001ABB23 /* Pods_Twitus.framework */ = {isa = PBXFileReference; explicitFileType = wrapper.framework; path = Pods_Twitus.framework; sourceTree = BUILT_PRODUCTS_DIR; };
		75376629225D92FC000FF34B /* HomeDatasourceController.swift */ = {isa = PBXFileReference; lastKnownFileType = sourcecode.swift; path = HomeDatasourceController.swift; sourceTree = "<group>"; };
		75CD16B2226A977000797344 /* User.swift */ = {isa = PBXFileReference; lastKnownFileType = sourcecode.swift; path = User.swift; sourceTree = "<group>"; };
		75D53F7E225A69EA0055421F /* Twitus.app */ = {isa = PBXFileReference; explicitFileType = wrapper.application; includeInIndex = 0; path = Twitus.app; sourceTree = BUILT_PRODUCTS_DIR; };
		75D53F81225A69EA0055421F /* AppDelegate.swift */ = {isa = PBXFileReference; lastKnownFileType = sourcecode.swift; path = AppDelegate.swift; sourceTree = "<group>"; };
		75D53F88225A69EC0055421F /* Assets.xcassets */ = {isa = PBXFileReference; lastKnownFileType = folder.assetcatalog; path = Assets.xcassets; sourceTree = "<group>"; };
		75D53F8B225A69EC0055421F /* Base */ = {isa = PBXFileReference; lastKnownFileType = file.storyboard; name = Base; path = Base.lproj/LaunchScreen.storyboard; sourceTree = "<group>"; };
		75D53F8D225A69EC0055421F /* Info.plist */ = {isa = PBXFileReference; lastKnownFileType = text.plist.xml; path = Info.plist; sourceTree = "<group>"; };
		75D53F92225A69EC0055421F /* TwitusTests.xctest */ = {isa = PBXFileReference; explicitFileType = wrapper.cfbundle; includeInIndex = 0; path = TwitusTests.xctest; sourceTree = BUILT_PRODUCTS_DIR; };
		75D53F96225A69EC0055421F /* TwitusTests.swift */ = {isa = PBXFileReference; lastKnownFileType = sourcecode.swift; path = TwitusTests.swift; sourceTree = "<group>"; };
		75D53F98225A69EC0055421F /* Info.plist */ = {isa = PBXFileReference; lastKnownFileType = text.plist.xml; path = Info.plist; sourceTree = "<group>"; };
		75D53F9D225A69EC0055421F /* TwitusUITests.xctest */ = {isa = PBXFileReference; explicitFileType = wrapper.cfbundle; includeInIndex = 0; path = TwitusUITests.xctest; sourceTree = BUILT_PRODUCTS_DIR; };
		75D53FA1225A69EC0055421F /* TwitusUITests.swift */ = {isa = PBXFileReference; lastKnownFileType = sourcecode.swift; path = TwitusUITests.swift; sourceTree = "<group>"; };
		75D53FA3225A69EC0055421F /* Info.plist */ = {isa = PBXFileReference; lastKnownFileType = text.plist.xml; path = Info.plist; sourceTree = "<group>"; };
		75DF063C226187D3000918F4 /* Cell.swift */ = {isa = PBXFileReference; lastKnownFileType = sourcecode.swift; path = Cell.swift; sourceTree = "<group>"; };
		75DF063E22618883000918F4 /* HomeDatasource.swift */ = {isa = PBXFileReference; lastKnownFileType = sourcecode.swift; path = HomeDatasource.swift; sourceTree = "<group>"; };
		7634405D723A0CA7F5AB969D /* Pods-TwitusUITests.release.xcconfig */ = {isa = PBXFileReference; includeInIndex = 1; lastKnownFileType = text.xcconfig; name = "Pods-TwitusUITests.release.xcconfig"; path = "Target Support Files/Pods-TwitusUITests/Pods-TwitusUITests.release.xcconfig"; sourceTree = "<group>"; };
		A204CA40DC7131A3E9B3226D /* Pods_TwitusTests.framework */ = {isa = PBXFileReference; explicitFileType = wrapper.framework; includeInIndex = 0; path = Pods_TwitusTests.framework; sourceTree = BUILT_PRODUCTS_DIR; };
		B46F19F85F3A6811B73B1441 /* Pods-Twitus.release.xcconfig */ = {isa = PBXFileReference; includeInIndex = 1; lastKnownFileType = text.xcconfig; name = "Pods-Twitus.release.xcconfig"; path = "Target Support Files/Pods-Twitus/Pods-Twitus.release.xcconfig"; sourceTree = "<group>"; };
		CE749A2099A9C092F45A0B13 /* Pods_TwitusUITests.framework */ = {isa = PBXFileReference; explicitFileType = wrapper.framework; includeInIndex = 0; path = Pods_TwitusUITests.framework; sourceTree = BUILT_PRODUCTS_DIR; };
		F116DA44F2A17BF358F4051C /* Pods-Twitus.debug.xcconfig */ = {isa = PBXFileReference; includeInIndex = 1; lastKnownFileType = text.xcconfig; name = "Pods-Twitus.debug.xcconfig"; path = "Target Support Files/Pods-Twitus/Pods-Twitus.debug.xcconfig"; sourceTree = "<group>"; };
/* End PBXFileReference section */

/* Begin PBXFrameworksBuildPhase section */
		75D53F7B225A69EA0055421F /* Frameworks */ = {
			isa = PBXFrameworksBuildPhase;
			buildActionMask = 2147483647;
			files = (
			);
			runOnlyForDeploymentPostprocessing = 0;
		};
		75D53F8F225A69EC0055421F /* Frameworks */ = {
			isa = PBXFrameworksBuildPhase;
			buildActionMask = 2147483647;
			files = (
				B8E11640879AF4BAB6121C5F /* Pods_TwitusTests.framework in Frameworks */,
			);
			runOnlyForDeploymentPostprocessing = 0;
		};
		75D53F9A225A69EC0055421F /* Frameworks */ = {
			isa = PBXFrameworksBuildPhase;
			buildActionMask = 2147483647;
			files = (
				5D3ECA1BA0257E70087F02DD /* Pods_TwitusUITests.framework in Frameworks */,
			);
			runOnlyForDeploymentPostprocessing = 0;
		};
/* End PBXFrameworksBuildPhase section */

/* Begin PBXGroup section */
		5A6E69B9ED3A8C2C1017502A /* Pods */ = {
			isa = PBXGroup;
			children = (
				F116DA44F2A17BF358F4051C /* Pods-Twitus.debug.xcconfig */,
				B46F19F85F3A6811B73B1441 /* Pods-Twitus.release.xcconfig */,
				3FC3EF3D41515DB9ADA9F346 /* Pods-TwitusTests.debug.xcconfig */,
				60CDCC6A01898E824D034E57 /* Pods-TwitusTests.release.xcconfig */,
				70DED920D8A01BD0D74E1177 /* Pods-TwitusUITests.debug.xcconfig */,
				7634405D723A0CA7F5AB969D /* Pods-TwitusUITests.release.xcconfig */,
			);
			path = Pods;
			sourceTree = "<group>";
		};
		75D53F75225A69EA0055421F = {
			isa = PBXGroup;
			children = (
				75D53F80225A69EA0055421F /* Twitus */,
				75D53F95225A69EC0055421F /* TwitusTests */,
				75D53FA0225A69EC0055421F /* TwitusUITests */,
				75D53F7F225A69EA0055421F /* Products */,
				5A6E69B9ED3A8C2C1017502A /* Pods */,
				B0E7DD6E6540F722916F66D8 /* Frameworks */,
			);
			sourceTree = "<group>";
		};
		75D53F7F225A69EA0055421F /* Products */ = {
			isa = PBXGroup;
			children = (
				75D53F7E225A69EA0055421F /* Twitus.app */,
				75D53F92225A69EC0055421F /* TwitusTests.xctest */,
				75D53F9D225A69EC0055421F /* TwitusUITests.xctest */,
			);
			name = Products;
			sourceTree = "<group>";
		};
		75D53F80225A69EA0055421F /* Twitus */ = {
			isa = PBXGroup;
			children = (
				75DF063B226187A9000918F4 /* View */,
				75DF063A22618790000918F4 /* Model */,
				75DF063922618787000918F4 /* Controller */,
				75D53F81225A69EA0055421F /* AppDelegate.swift */,
				751100F4225A741B008E8AB2 /* HomeController.swift */,
				75D53F88225A69EC0055421F /* Assets.xcassets */,
				7519204A2263D978002965E9 /* profile_image.jpg */,
				75D53F8A225A69EC0055421F /* LaunchScreen.storyboard */,
				75D53F8D225A69EC0055421F /* Info.plist */,
			);
			path = Twitus;
			sourceTree = "<group>";
		};
		75D53F95225A69EC0055421F /* TwitusTests */ = {
			isa = PBXGroup;
			children = (
				75D53F96225A69EC0055421F /* TwitusTests.swift */,
				75D53F98225A69EC0055421F /* Info.plist */,
			);
			path = TwitusTests;
			sourceTree = "<group>";
		};
		75D53FA0225A69EC0055421F /* TwitusUITests */ = {
			isa = PBXGroup;
			children = (
				75D53FA1225A69EC0055421F /* TwitusUITests.swift */,
				75D53FA3225A69EC0055421F /* Info.plist */,
			);
			path = TwitusUITests;
			sourceTree = "<group>";
		};
		75DF063922618787000918F4 /* Controller */ = {
			isa = PBXGroup;
			children = (
				75376629225D92FC000FF34B /* HomeDatasourceController.swift */,
			);
			path = Controller;
			sourceTree = "<group>";
		};
		75DF063A22618790000918F4 /* Model */ = {
			isa = PBXGroup;
			children = (
				75DF063E22618883000918F4 /* HomeDatasource.swift */,
				75CD16B2226A977000797344 /* User.swift */,
			);
			path = Model;
			sourceTree = "<group>";
		};
		75DF063B226187A9000918F4 /* View */ = {
			isa = PBXGroup;
			children = (
				75DF063C226187D3000918F4 /* Cell.swift */,
			);
			path = View;
			sourceTree = "<group>";
		};
		B0E7DD6E6540F722916F66D8 /* Frameworks */ = {
			isa = PBXGroup;
			children = (
				751D253522640849001ABB23 /* Pods_Twitus.framework */,
				38354AD04BA060E5C16A43CA /* Pods_Twitus.framework */,
				A204CA40DC7131A3E9B3226D /* Pods_TwitusTests.framework */,
				CE749A2099A9C092F45A0B13 /* Pods_TwitusUITests.framework */,
			);
			name = Frameworks;
			sourceTree = "<group>";
		};
/* End PBXGroup section */

/* Begin PBXNativeTarget section */
		75D53F7D225A69EA0055421F /* Twitus */ = {
			isa = PBXNativeTarget;
			buildConfigurationList = 75D53FA6225A69EC0055421F /* Build configuration list for PBXNativeTarget "Twitus" */;
			buildPhases = (
				80B5E30806C1AC5803697708 /* [CP] Check Pods Manifest.lock */,
				75D53F7A225A69EA0055421F /* Sources */,
				75D53F7B225A69EA0055421F /* Frameworks */,
				75D53F7C225A69EA0055421F /* Resources */,
				7D3CB41D74160C83E1D6650C /* [CP] Embed Pods Frameworks */,
			);
			buildRules = (
			);
			dependencies = (
			);
			name = Twitus;
			productName = Twitus;
			productReference = 75D53F7E225A69EA0055421F /* Twitus.app */;
			productType = "com.apple.product-type.application";
		};
		75D53F91225A69EC0055421F /* TwitusTests */ = {
			isa = PBXNativeTarget;
			buildConfigurationList = 75D53FA9225A69EC0055421F /* Build configuration list for PBXNativeTarget "TwitusTests" */;
			buildPhases = (
				E005CB20B7EE85C24F8F9E56 /* [CP] Check Pods Manifest.lock */,
				75D53F8E225A69EC0055421F /* Sources */,
				75D53F8F225A69EC0055421F /* Frameworks */,
				75D53F90225A69EC0055421F /* Resources */,
			);
			buildRules = (
			);
			dependencies = (
				75D53F94225A69EC0055421F /* PBXTargetDependency */,
			);
			name = TwitusTests;
			productName = TwitusTests;
			productReference = 75D53F92225A69EC0055421F /* TwitusTests.xctest */;
			productType = "com.apple.product-type.bundle.unit-test";
		};
		75D53F9C225A69EC0055421F /* TwitusUITests */ = {
			isa = PBXNativeTarget;
			buildConfigurationList = 75D53FAC225A69EC0055421F /* Build configuration list for PBXNativeTarget "TwitusUITests" */;
			buildPhases = (
				A121F4C04EE6D8F67BA1CB98 /* [CP] Check Pods Manifest.lock */,
				75D53F99225A69EC0055421F /* Sources */,
				75D53F9A225A69EC0055421F /* Frameworks */,
				75D53F9B225A69EC0055421F /* Resources */,
			);
			buildRules = (
			);
			dependencies = (
				75D53F9F225A69EC0055421F /* PBXTargetDependency */,
			);
			name = TwitusUITests;
			productName = TwitusUITests;
			productReference = 75D53F9D225A69EC0055421F /* TwitusUITests.xctest */;
			productType = "com.apple.product-type.bundle.ui-testing";
		};
/* End PBXNativeTarget section */

/* Begin PBXProject section */
		75D53F76225A69EA0055421F /* Project object */ = {
			isa = PBXProject;
			attributes = {
				LastSwiftUpdateCheck = 1020;
				LastUpgradeCheck = 1020;
				ORGANIZATIONNAME = "Daval Cato";
				TargetAttributes = {
					75D53F7D225A69EA0055421F = {
						CreatedOnToolsVersion = 10.2;
					};
					75D53F91225A69EC0055421F = {
						CreatedOnToolsVersion = 10.2;
						TestTargetID = 75D53F7D225A69EA0055421F;
					};
					75D53F9C225A69EC0055421F = {
						CreatedOnToolsVersion = 10.2;
						TestTargetID = 75D53F7D225A69EA0055421F;
					};
				};
			};
			buildConfigurationList = 75D53F79225A69EA0055421F /* Build configuration list for PBXProject "Twitus" */;
			compatibilityVersion = "Xcode 9.3";
			developmentRegion = en;
			hasScannedForEncodings = 0;
			knownRegions = (
				en,
				Base,
			);
			mainGroup = 75D53F75225A69EA0055421F;
			productRefGroup = 75D53F7F225A69EA0055421F /* Products */;
			projectDirPath = "";
			projectRoot = "";
			targets = (
				75D53F7D225A69EA0055421F /* Twitus */,
				75D53F91225A69EC0055421F /* TwitusTests */,
				75D53F9C225A69EC0055421F /* TwitusUITests */,
			);
		};
/* End PBXProject section */

/* Begin PBXResourcesBuildPhase section */
		75D53F7C225A69EA0055421F /* Resources */ = {
			isa = PBXResourcesBuildPhase;
			buildActionMask = 2147483647;
			files = (
				75D53F8C225A69EC0055421F /* LaunchScreen.storyboard in Resources */,
				7519204D2263DA06002965E9 /* profile_image.jpg in Resources */,
				75D53F89225A69EC0055421F /* Assets.xcassets in Resources */,
			);
			runOnlyForDeploymentPostprocessing = 0;
		};
		75D53F90225A69EC0055421F /* Resources */ = {
			isa = PBXResourcesBuildPhase;
			buildActionMask = 2147483647;
			files = (
			);
			runOnlyForDeploymentPostprocessing = 0;
		};
		75D53F9B225A69EC0055421F /* Resources */ = {
			isa = PBXResourcesBuildPhase;
			buildActionMask = 2147483647;
			files = (
			);
			runOnlyForDeploymentPostprocessing = 0;
		};
/* End PBXResourcesBuildPhase section */

/* Begin PBXShellScriptBuildPhase section */
		7D3CB41D74160C83E1D6650C /* [CP] Embed Pods Frameworks */ = {
			isa = PBXShellScriptBuildPhase;
			buildActionMask = 2147483647;
			files = (
			);
			inputFileListPaths = (
			);
			inputPaths = (
				"${PODS_ROOT}/Target Support Files/Pods-Twitus/Pods-Twitus-frameworks.sh",
				"${BUILT_PRODUCTS_DIR}/LBTAComponents/LBTAComponents.framework",
			);
			name = "[CP] Embed Pods Frameworks";
			outputFileListPaths = (
			);
			outputPaths = (
				"${TARGET_BUILD_DIR}/${FRAMEWORKS_FOLDER_PATH}/LBTAComponents.framework",
			);
			runOnlyForDeploymentPostprocessing = 0;
			shellPath = /bin/sh;
			shellScript = "\"${PODS_ROOT}/Target Support Files/Pods-Twitus/Pods-Twitus-frameworks.sh\"\n";
			showEnvVarsInLog = 0;
		};
		80B5E30806C1AC5803697708 /* [CP] Check Pods Manifest.lock */ = {
			isa = PBXShellScriptBuildPhase;
			buildActionMask = 2147483647;
			files = (
			);
			inputFileListPaths = (
			);
			inputPaths = (
				"${PODS_PODFILE_DIR_PATH}/Podfile.lock",
				"${PODS_ROOT}/Manifest.lock",
			);
			name = "[CP] Check Pods Manifest.lock";
			outputFileListPaths = (
			);
			outputPaths = (
				"$(DERIVED_FILE_DIR)/Pods-Twitus-checkManifestLockResult.txt",
			);
			runOnlyForDeploymentPostprocessing = 0;
			shellPath = /bin/sh;
			shellScript = "diff \"${PODS_PODFILE_DIR_PATH}/Podfile.lock\" \"${PODS_ROOT}/Manifest.lock\" > /dev/null\nif [ $? != 0 ] ; then\n    # print error to STDERR\n    echo \"error: The sandbox is not in sync with the Podfile.lock. Run 'pod install' or update your CocoaPods installation.\" >&2\n    exit 1\nfi\n# This output is used by Xcode 'outputs' to avoid re-running this script phase.\necho \"SUCCESS\" > \"${SCRIPT_OUTPUT_FILE_0}\"\n";
			showEnvVarsInLog = 0;
		};
		A121F4C04EE6D8F67BA1CB98 /* [CP] Check Pods Manifest.lock */ = {
			isa = PBXShellScriptBuildPhase;
			buildActionMask = 2147483647;
			files = (
			);
			inputFileListPaths = (
			);
			inputPaths = (
				"${PODS_PODFILE_DIR_PATH}/Podfile.lock",
				"${PODS_ROOT}/Manifest.lock",
			);
			name = "[CP] Check Pods Manifest.lock";
			outputFileListPaths = (
			);
			outputPaths = (
				"$(DERIVED_FILE_DIR)/Pods-TwitusUITests-checkManifestLockResult.txt",
			);
			runOnlyForDeploymentPostprocessing = 0;
			shellPath = /bin/sh;
			shellScript = "diff \"${PODS_PODFILE_DIR_PATH}/Podfile.lock\" \"${PODS_ROOT}/Manifest.lock\" > /dev/null\nif [ $? != 0 ] ; then\n    # print error to STDERR\n    echo \"error: The sandbox is not in sync with the Podfile.lock. Run 'pod install' or update your CocoaPods installation.\" >&2\n    exit 1\nfi\n# This output is used by Xcode 'outputs' to avoid re-running this script phase.\necho \"SUCCESS\" > \"${SCRIPT_OUTPUT_FILE_0}\"\n";
			showEnvVarsInLog = 0;
		};
		E005CB20B7EE85C24F8F9E56 /* [CP] Check Pods Manifest.lock */ = {
			isa = PBXShellScriptBuildPhase;
			buildActionMask = 2147483647;
			files = (
			);
			inputFileListPaths = (
			);
			inputPaths = (
				"${PODS_PODFILE_DIR_PATH}/Podfile.lock",
				"${PODS_ROOT}/Manifest.lock",
			);
			name = "[CP] Check Pods Manifest.lock";
			outputFileListPaths = (
			);
			outputPaths = (
				"$(DERIVED_FILE_DIR)/Pods-TwitusTests-checkManifestLockResult.txt",
			);
			runOnlyForDeploymentPostprocessing = 0;
			shellPath = /bin/sh;
			shellScript = "diff \"${PODS_PODFILE_DIR_PATH}/Podfile.lock\" \"${PODS_ROOT}/Manifest.lock\" > /dev/null\nif [ $? != 0 ] ; then\n    # print error to STDERR\n    echo \"error: The sandbox is not in sync with the Podfile.lock. Run 'pod install' or update your CocoaPods installation.\" >&2\n    exit 1\nfi\n# This output is used by Xcode 'outputs' to avoid re-running this script phase.\necho \"SUCCESS\" > \"${SCRIPT_OUTPUT_FILE_0}\"\n";
			showEnvVarsInLog = 0;
		};
/* End PBXShellScriptBuildPhase section */

/* Begin PBXSourcesBuildPhase section */
		75D53F7A225A69EA0055421F /* Sources */ = {
			isa = PBXSourcesBuildPhase;
			buildActionMask = 2147483647;
			files = (
				75DF063F22618883000918F4 /* HomeDatasource.swift in Sources */,
				75D53F82225A69EA0055421F /* AppDelegate.swift in Sources */,
				75CD16B3226A977000797344 /* User.swift in Sources */,
				75DF063D226187D3000918F4 /* Cell.swift in Sources */,
				7537662A225D92FC000FF34B /* HomeDatasourceController.swift in Sources */,
				751100F5225A741B008E8AB2 /* HomeController.swift in Sources */,
			);
			runOnlyForDeploymentPostprocessing = 0;
		};
		75D53F8E225A69EC0055421F /* Sources */ = {
			isa = PBXSourcesBuildPhase;
			buildActionMask = 2147483647;
			files = (
				75D53F97225A69EC0055421F /* TwitusTests.swift in Sources */,
			);
			runOnlyForDeploymentPostprocessing = 0;
		};
		75D53F99225A69EC0055421F /* Sources */ = {
			isa = PBXSourcesBuildPhase;
			buildActionMask = 2147483647;
			files = (
				75D53FA2225A69EC0055421F /* TwitusUITests.swift in Sources */,
			);
			runOnlyForDeploymentPostprocessing = 0;
		};
/* End PBXSourcesBuildPhase section */

/* Begin PBXTargetDependency section */
		75D53F94225A69EC0055421F /* PBXTargetDependency */ = {
			isa = PBXTargetDependency;
			target = 75D53F7D225A69EA0055421F /* Twitus */;
			targetProxy = 75D53F93225A69EC0055421F /* PBXContainerItemProxy */;
		};
		75D53F9F225A69EC0055421F /* PBXTargetDependency */ = {
			isa = PBXTargetDependency;
			target = 75D53F7D225A69EA0055421F /* Twitus */;
			targetProxy = 75D53F9E225A69EC0055421F /* PBXContainerItemProxy */;
		};
/* End PBXTargetDependency section */

/* Begin PBXVariantGroup section */
		75D53F8A225A69EC0055421F /* LaunchScreen.storyboard */ = {
			isa = PBXVariantGroup;
			children = (
				75D53F8B225A69EC0055421F /* Base */,
			);
			name = LaunchScreen.storyboard;
			sourceTree = "<group>";
		};
/* End PBXVariantGroup section */

/* Begin XCBuildConfiguration section */
		75D53FA4225A69EC0055421F /* Debug */ = {
			isa = XCBuildConfiguration;
			buildSettings = {
				ALWAYS_SEARCH_USER_PATHS = NO;
				CLANG_ANALYZER_NONNULL = YES;
				CLANG_ANALYZER_NUMBER_OBJECT_CONVERSION = YES_AGGRESSIVE;
				CLANG_CXX_LANGUAGE_STANDARD = "gnu++14";
				CLANG_CXX_LIBRARY = "libc++";
				CLANG_ENABLE_MODULES = YES;
				CLANG_ENABLE_OBJC_ARC = YES;
				CLANG_ENABLE_OBJC_WEAK = YES;
				CLANG_WARN_BLOCK_CAPTURE_AUTORELEASING = YES;
				CLANG_WARN_BOOL_CONVERSION = YES;
				CLANG_WARN_COMMA = YES;
				CLANG_WARN_CONSTANT_CONVERSION = YES;
				CLANG_WARN_DEPRECATED_OBJC_IMPLEMENTATIONS = YES;
				CLANG_WARN_DIRECT_OBJC_ISA_USAGE = YES_ERROR;
				CLANG_WARN_DOCUMENTATION_COMMENTS = YES;
				CLANG_WARN_EMPTY_BODY = YES;
				CLANG_WARN_ENUM_CONVERSION = YES;
				CLANG_WARN_INFINITE_RECURSION = YES;
				CLANG_WARN_INT_CONVERSION = YES;
				CLANG_WARN_NON_LITERAL_NULL_CONVERSION = YES;
				CLANG_WARN_OBJC_IMPLICIT_RETAIN_SELF = YES;
				CLANG_WARN_OBJC_LITERAL_CONVERSION = YES;
				CLANG_WARN_OBJC_ROOT_CLASS = YES_ERROR;
				CLANG_WARN_RANGE_LOOP_ANALYSIS = YES;
				CLANG_WARN_STRICT_PROTOTYPES = YES;
				CLANG_WARN_SUSPICIOUS_MOVE = YES;
				CLANG_WARN_UNGUARDED_AVAILABILITY = YES_AGGRESSIVE;
				CLANG_WARN_UNREACHABLE_CODE = YES;
				CLANG_WARN__DUPLICATE_METHOD_MATCH = YES;
				CODE_SIGN_IDENTITY = "iPhone Developer";
				COPY_PHASE_STRIP = NO;
				DEBUG_INFORMATION_FORMAT = dwarf;
				ENABLE_STRICT_OBJC_MSGSEND = YES;
				ENABLE_TESTABILITY = YES;
				GCC_C_LANGUAGE_STANDARD = gnu11;
				GCC_DYNAMIC_NO_PIC = NO;
				GCC_NO_COMMON_BLOCKS = YES;
				GCC_OPTIMIZATION_LEVEL = 0;
				GCC_PREPROCESSOR_DEFINITIONS = (
					"DEBUG=1",
					"$(inherited)",
				);
				GCC_WARN_64_TO_32_BIT_CONVERSION = YES;
				GCC_WARN_ABOUT_RETURN_TYPE = YES_ERROR;
				GCC_WARN_UNDECLARED_SELECTOR = YES;
				GCC_WARN_UNINITIALIZED_AUTOS = YES_AGGRESSIVE;
				GCC_WARN_UNUSED_FUNCTION = YES;
				GCC_WARN_UNUSED_VARIABLE = YES;
				IPHONEOS_DEPLOYMENT_TARGET = 12.1;
				MTL_ENABLE_DEBUG_INFO = INCLUDE_SOURCE;
				MTL_FAST_MATH = YES;
				ONLY_ACTIVE_ARCH = YES;
				SDKROOT = iphoneos;
				SWIFT_ACTIVE_COMPILATION_CONDITIONS = DEBUG;
				SWIFT_OPTIMIZATION_LEVEL = "-Onone";
			};
			name = Debug;
		};
		75D53FA5225A69EC0055421F /* Release */ = {
			isa = XCBuildConfiguration;
			buildSettings = {
				ALWAYS_SEARCH_USER_PATHS = NO;
				CLANG_ANALYZER_NONNULL = YES;
				CLANG_ANALYZER_NUMBER_OBJECT_CONVERSION = YES_AGGRESSIVE;
				CLANG_CXX_LANGUAGE_STANDARD = "gnu++14";
				CLANG_CXX_LIBRARY = "libc++";
				CLANG_ENABLE_MODULES = YES;
				CLANG_ENABLE_OBJC_ARC = YES;
				CLANG_ENABLE_OBJC_WEAK = YES;
				CLANG_WARN_BLOCK_CAPTURE_AUTORELEASING = YES;
				CLANG_WARN_BOOL_CONVERSION = YES;
				CLANG_WARN_COMMA = YES;
				CLANG_WARN_CONSTANT_CONVERSION = YES;
				CLANG_WARN_DEPRECATED_OBJC_IMPLEMENTATIONS = YES;
				CLANG_WARN_DIRECT_OBJC_ISA_USAGE = YES_ERROR;
				CLANG_WARN_DOCUMENTATION_COMMENTS = YES;
				CLANG_WARN_EMPTY_BODY = YES;
				CLANG_WARN_ENUM_CONVERSION = YES;
				CLANG_WARN_INFINITE_RECURSION = YES;
				CLANG_WARN_INT_CONVERSION = YES;
				CLANG_WARN_NON_LITERAL_NULL_CONVERSION = YES;
				CLANG_WARN_OBJC_IMPLICIT_RETAIN_SELF = YES;
				CLANG_WARN_OBJC_LITERAL_CONVERSION = YES;
				CLANG_WARN_OBJC_ROOT_CLASS = YES_ERROR;
				CLANG_WARN_RANGE_LOOP_ANALYSIS = YES;
				CLANG_WARN_STRICT_PROTOTYPES = YES;
				CLANG_WARN_SUSPICIOUS_MOVE = YES;
				CLANG_WARN_UNGUARDED_AVAILABILITY = YES_AGGRESSIVE;
				CLANG_WARN_UNREACHABLE_CODE = YES;
				CLANG_WARN__DUPLICATE_METHOD_MATCH = YES;
				CODE_SIGN_IDENTITY = "iPhone Developer";
				COPY_PHASE_STRIP = NO;
				DEBUG_INFORMATION_FORMAT = "dwarf-with-dsym";
				ENABLE_NS_ASSERTIONS = NO;
				ENABLE_STRICT_OBJC_MSGSEND = YES;
				GCC_C_LANGUAGE_STANDARD = gnu11;
				GCC_NO_COMMON_BLOCKS = YES;
				GCC_WARN_64_TO_32_BIT_CONVERSION = YES;
				GCC_WARN_ABOUT_RETURN_TYPE = YES_ERROR;
				GCC_WARN_UNDECLARED_SELECTOR = YES;
				GCC_WARN_UNINITIALIZED_AUTOS = YES_AGGRESSIVE;
				GCC_WARN_UNUSED_FUNCTION = YES;
				GCC_WARN_UNUSED_VARIABLE = YES;
				IPHONEOS_DEPLOYMENT_TARGET = 12.1;
				MTL_ENABLE_DEBUG_INFO = NO;
				MTL_FAST_MATH = YES;
				SDKROOT = iphoneos;
				SWIFT_COMPILATION_MODE = wholemodule;
				SWIFT_OPTIMIZATION_LEVEL = "-O";
				VALIDATE_PRODUCT = YES;
			};
			name = Release;
		};
		75D53FA7225A69EC0055421F /* Debug */ = {
			isa = XCBuildConfiguration;
			baseConfigurationReference = F116DA44F2A17BF358F4051C /* Pods-Twitus.debug.xcconfig */;
			buildSettings = {
				ASSETCATALOG_COMPILER_APPICON_NAME = AppIcon;
				CODE_SIGN_STYLE = Automatic;
				DEVELOPMENT_TEAM = QFQW29JWKY;
				FRAMEWORK_SEARCH_PATHS = (
					"$(inherited)",
					"\"${PODS_CONFIGURATION_BUILD_DIR}/LBTAComponents\"",
				);
				INFOPLIST_FILE = Twitus/Info.plist;
				IPHONEOS_DEPLOYMENT_TARGET = 10.0;
				LD_RUNPATH_SEARCH_PATHS = (
					"$(inherited)",
					"@executable_path/Frameworks",
				);
				LIBRARY_SEARCH_PATHS = "";
				ONLY_ACTIVE_ARCH = YES;
				PRODUCT_BUNDLE_IDENTIFIER = com.me2software.Twitus;
				PRODUCT_NAME = "$(TARGET_NAME)";
				SWIFT_VERSION = 5.0;
				TARGETED_DEVICE_FAMILY = "1,2";
			};
			name = Debug;
		};
		75D53FA8225A69EC0055421F /* Release */ = {
			isa = XCBuildConfiguration;
			baseConfigurationReference = B46F19F85F3A6811B73B1441 /* Pods-Twitus.release.xcconfig */;
			buildSettings = {
				ASSETCATALOG_COMPILER_APPICON_NAME = AppIcon;
				CODE_SIGN_STYLE = Automatic;
				DEVELOPMENT_TEAM = QFQW29JWKY;
				FRAMEWORK_SEARCH_PATHS = (
					"$(inherited)",
					"\"${PODS_CONFIGURATION_BUILD_DIR}/LBTAComponents\"",
				);
				INFOPLIST_FILE = Twitus/Info.plist;
				IPHONEOS_DEPLOYMENT_TARGET = 10.0;
				LD_RUNPATH_SEARCH_PATHS = (
					"$(inherited)",
					"@executable_path/Frameworks",
				);
				LIBRARY_SEARCH_PATHS = "";
				PRODUCT_BUNDLE_IDENTIFIER = com.me2software.Twitus;
				PRODUCT_NAME = "$(TARGET_NAME)";
				SWIFT_VERSION = 5.0;
				TARGETED_DEVICE_FAMILY = "1,2";
			};
			name = Release;
		};
		75D53FAA225A69EC0055421F /* Debug */ = {
			isa = XCBuildConfiguration;
			baseConfigurationReference = 3FC3EF3D41515DB9ADA9F346 /* Pods-TwitusTests.debug.xcconfig */;
			buildSettings = {
				ALWAYS_EMBED_SWIFT_STANDARD_LIBRARIES = YES;
				BUNDLE_LOADER = "$(TEST_HOST)";
				CODE_SIGN_STYLE = Automatic;
				DEVELOPMENT_TEAM = QFQW29JWKY;
				INFOPLIST_FILE = TwitusTests/Info.plist;
				LD_RUNPATH_SEARCH_PATHS = (
					"$(inherited)",
					"@executable_path/Frameworks",
					"@loader_path/Frameworks",
				);
				PRODUCT_BUNDLE_IDENTIFIER = com.me2software.TwitusTests;
				PRODUCT_NAME = "$(TARGET_NAME)";
				SWIFT_VERSION = 5.0;
				TARGETED_DEVICE_FAMILY = "1,2";
				TEST_HOST = "$(BUILT_PRODUCTS_DIR)/Twitus.app/Twitus";
			};
			name = Debug;
		};
		75D53FAB225A69EC0055421F /* Release */ = {
			isa = XCBuildConfiguration;
			baseConfigurationReference = 60CDCC6A01898E824D034E57 /* Pods-TwitusTests.release.xcconfig */;
			buildSettings = {
				ALWAYS_EMBED_SWIFT_STANDARD_LIBRARIES = YES;
				BUNDLE_LOADER = "$(TEST_HOST)";
				CODE_SIGN_STYLE = Automatic;
				DEVELOPMENT_TEAM = QFQW29JWKY;
				INFOPLIST_FILE = TwitusTests/Info.plist;
				LD_RUNPATH_SEARCH_PATHS = (
					"$(inherited)",
					"@executable_path/Frameworks",
					"@loader_path/Frameworks",
				);
				PRODUCT_BUNDLE_IDENTIFIER = com.me2software.TwitusTests;
				PRODUCT_NAME = "$(TARGET_NAME)";
				SWIFT_VERSION = 5.0;
				TARGETED_DEVICE_FAMILY = "1,2";
				TEST_HOST = "$(BUILT_PRODUCTS_DIR)/Twitus.app/Twitus";
			};
			name = Release;
		};
		75D53FAD225A69EC0055421F /* Debug */ = {
			isa = XCBuildConfiguration;
			baseConfigurationReference = 70DED920D8A01BD0D74E1177 /* Pods-TwitusUITests.debug.xcconfig */;
			buildSettings = {
				ALWAYS_EMBED_SWIFT_STANDARD_LIBRARIES = YES;
				CODE_SIGN_STYLE = Automatic;
				DEVELOPMENT_TEAM = QFQW29JWKY;
				INFOPLIST_FILE = TwitusUITests/Info.plist;
				LD_RUNPATH_SEARCH_PATHS = (
					"$(inherited)",
					"@executable_path/Frameworks",
					"@loader_path/Frameworks",
				);
				PRODUCT_BUNDLE_IDENTIFIER = com.me2software.TwitusUITests;
				PRODUCT_NAME = "$(TARGET_NAME)";
				SWIFT_VERSION = 5.0;
				TARGETED_DEVICE_FAMILY = "1,2";
				TEST_TARGET_NAME = Twitus;
			};
			name = Debug;
		};
		75D53FAE225A69EC0055421F /* Release */ = {
			isa = XCBuildConfiguration;
			baseConfigurationReference = 7634405D723A0CA7F5AB969D /* Pods-TwitusUITests.release.xcconfig */;
			buildSettings = {
				ALWAYS_EMBED_SWIFT_STANDARD_LIBRARIES = YES;
				CODE_SIGN_STYLE = Automatic;
				DEVELOPMENT_TEAM = QFQW29JWKY;
				INFOPLIST_FILE = TwitusUITests/Info.plist;
				LD_RUNPATH_SEARCH_PATHS = (
					"$(inherited)",
					"@executable_path/Frameworks",
					"@loader_path/Frameworks",
				);
				PRODUCT_BUNDLE_IDENTIFIER = com.me2software.TwitusUITests;
				PRODUCT_NAME = "$(TARGET_NAME)";
				SWIFT_VERSION = 5.0;
				TARGETED_DEVICE_FAMILY = "1,2";
				TEST_TARGET_NAME = Twitus;
			};
			name = Release;
		};
/* End XCBuildConfiguration section */

/* Begin XCConfigurationList section */
		75D53F79225A69EA0055421F /* Build configuration list for PBXProject "Twitus" */ = {
			isa = XCConfigurationList;
			buildConfigurations = (
				75D53FA4225A69EC0055421F /* Debug */,
				75D53FA5225A69EC0055421F /* Release */,
			);
			defaultConfigurationIsVisible = 0;
			defaultConfigurationName = Release;
		};
		75D53FA6225A69EC0055421F /* Build configuration list for PBXNativeTarget "Twitus" */ = {
			isa = XCConfigurationList;
			buildConfigurations = (
				75D53FA7225A69EC0055421F /* Debug */,
				75D53FA8225A69EC0055421F /* Release */,
			);
			defaultConfigurationIsVisible = 0;
			defaultConfigurationName = Release;
		};
		75D53FA9225A69EC0055421F /* Build configuration list for PBXNativeTarget "TwitusTests" */ = {
			isa = XCConfigurationList;
			buildConfigurations = (
				75D53FAA225A69EC0055421F /* Debug */,
				75D53FAB225A69EC0055421F /* Release */,
			);
			defaultConfigurationIsVisible = 0;
			defaultConfigurationName = Release;
		};
		75D53FAC225A69EC0055421F /* Build configuration list for PBXNativeTarget "TwitusUITests" */ = {
			isa = XCConfigurationList;
			buildConfigurations = (
				75D53FAD225A69EC0055421F /* Debug */,
				75D53FAE225A69EC0055421F /* Release */,
			);
			defaultConfigurationIsVisible = 0;
			defaultConfigurationName = Release;
		};
/* End XCConfigurationList section */
	};
	rootObject = 75D53F76225A69EA0055421F /* Project object */;
}
